// !$*UTF8*$!
{
	archiveVersion = 1;
	classes = {
	};
	objectVersion = 46;
	objects = {

/* Begin PBXBuildFile section */
		C34BE9691EEEA35D008214F4 /* AppDelegate.swift in Sources */ = {isa = PBXBuildFile; fileRef = C34BE9681EEEA35D008214F4 /* AppDelegate.swift */; };
		C34BE96B1EEEA35D008214F4 /* ViewController.swift in Sources */ = {isa = PBXBuildFile; fileRef = C34BE96A1EEEA35D008214F4 /* ViewController.swift */; };
		C34BE96E1EEEA35D008214F4 /* Main.storyboard in Resources */ = {isa = PBXBuildFile; fileRef = C34BE96C1EEEA35D008214F4 /* Main.storyboard */; };
		C34BE9701EEEA35D008214F4 /* Assets.xcassets in Resources */ = {isa = PBXBuildFile; fileRef = C34BE96F1EEEA35D008214F4 /* Assets.xcassets */; };
		C34BE9731EEEA35D008214F4 /* LaunchScreen.storyboard in Resources */ = {isa = PBXBuildFile; fileRef = C34BE9711EEEA35D008214F4 /* LaunchScreen.storyboard */; };
/* End PBXBuildFile section */

/* Begin PBXFileReference section */
		C34BE9651EEEA35D008214F4 /* Day00.app */ = {isa = PBXFileReference; explicitFileType = wrapper.application; includeInIndex = 0; path = Day00.app; sourceTree = BUILT_PRODUCTS_DIR; };
		C34BE9681EEEA35D008214F4 /* AppDelegate.swift */ = {isa = PBXFileReference; lastKnownFileType = sourcecode.swift; path = AppDelegate.swift; sourceTree = "<group>"; };
		C34BE96A1EEEA35D008214F4 /* ViewController.swift */ = {isa = PBXFileReference; lastKnownFileType = sourcecode.swift; path = ViewController.swift; sourceTree = "<group>"; };
		C34BE96D1EEEA35D008214F4 /* Base */ = {isa = PBXFileReference; lastKnownFileType = file.storyboard; name = Base; path = Base.lproj/Main.storyboard; sourceTree = "<group>"; };
		C34BE96F1EEEA35D008214F4 /* Assets.xcassets */ = {isa = PBXFileReference; lastKnownFileType = folder.assetcatalog; path = Assets.xcassets; sourceTree = "<group>"; };
		C34BE9721EEEA35D008214F4 /* Base */ = {isa = PBXFileReference; lastKnownFileType = file.storyboard; name = Base; path = Base.lproj/LaunchScreen.storyboard; sourceTree = "<group>"; };
		C34BE9741EEEA35D008214F4 /* Info.plist */ = {isa = PBXFileReference; lastKnownFileType = text.plist.xml; path = Info.plist; sourceTree = "<group>"; };
/* End PBXFileReference section */

/* Begin PBXFrameworksBuildPhase section */
		C34BE9621EEEA35D008214F4 /* Frameworks */ = {
			isa = PBXFrameworksBuildPhase;
			buildActionMask = 2147483647;
			files = (
			);
			runOnlyForDeploymentPostprocessing = 0;
		};
/* End PBXFrameworksBuildPhase section */

/* Begin PBXGroup section */
		C34BE95C1EEEA35D008214F4 = {
			isa = PBXGroup;
			children = (
				C34BE9671EEEA35D008214F4 /* Day00 */,
				C34BE9661EEEA35D008214F4 /* Products */,
			);
			sourceTree = "<group>";
		};
		C34BE9661EEEA35D008214F4 /* Products */ = {
			isa = PBXGroup;
			children = (
				C34BE9651EEEA35D008214F4 /* Day00.app */,
			);
			name = Products;
			sourceTree = "<group>";
		};
		C34BE9671EEEA35D008214F4 /* Day00 */ = {
			isa = PBXGroup;
			children = (
				C34BE9681EEEA35D008214F4 /* AppDelegate.swift */,
				C34BE96A1EEEA35D008214F4 /* ViewController.swift */,
				C34BE96C1EEEA35D008214F4 /* Main.storyboard */,
				C34BE96F1EEEA35D008214F4 /* Assets.xcassets */,
				C34BE9711EEEA35D008214F4 /* LaunchScreen.storyboard */,
				C34BE9741EEEA35D008214F4 /* Info.plist */,
			);
			path = Day00;
			sourceTree = "<group>";
		};
/* End PBXGroup section */

/* Begin PBXNativeTarget section */
		C34BE9641EEEA35D008214F4 /* Day00 */ = {
			isa = PBXNativeTarget;
			buildConfigurationList = C34BE9771EEEA35D008214F4 /* Build configuration list for PBXNativeTarget "Day00" */;
			buildPhases = (
				C34BE9611EEEA35D008214F4 /* Sources */,
				C34BE9621EEEA35D008214F4 /* Frameworks */,
				C34BE9631EEEA35D008214F4 /* Resources */,
			);
			buildRules = (
			);
			dependencies = (
			);
			name = Day00;
			productName = Day00;
			productReference = C34BE9651EEEA35D008214F4 /* Day00.app */;
			productType = "com.apple.product-type.application";
		};
/* End PBXNativeTarget section */

/* Begin PBXProject section */
		C34BE95D1EEEA35D008214F4 /* Project object */ = {
			isa = PBXProject;
			attributes = {
				LastSwiftUpdateCheck = 0820;
				LastUpgradeCheck = 0820;
				ORGANIZATIONNAME = "Emmanuelle TERMEAU";
				TargetAttributes = {
					C34BE9641EEEA35D008214F4 = {
						CreatedOnToolsVersion = 8.2.1;
						ProvisioningStyle = Automatic;
					};
				};
			};
			buildConfigurationList = C34BE9601EEEA35D008214F4 /* Build configuration list for PBXProject "Day00" */;
			compatibilityVersion = "Xcode 3.2";
			developmentRegion = English;
			hasScannedForEncodings = 0;
			knownRegions = (
				en,
				Base,
			);
			mainGroup = C34BE95C1EEEA35D008214F4;
			productRefGroup = C34BE9661EEEA35D008214F4 /* Products */;
			projectDirPath = "";
			projectRoot = "";
			targets = (
				C34BE9641EEEA35D008214F4 /* Day00 */,
			);
		};
/* End PBXProject section */

/* Begin PBXResourcesBuildPhase section */
		C34BE9631EEEA35D008214F4 /* Resources */ = {
			isa = PBXResourcesBuildPhase;
			buildActionMask = 2147483647;
			files = (
				C34BE9731EEEA35D008214F4 /* LaunchScreen.storyboard in Resources */,
				C34BE9701EEEA35D008214F4 /* Assets.xcassets in Resources */,
				C34BE96E1EEEA35D008214F4 /* Main.storyboard in Resources */,
			);
			runOnlyForDeploymentPostprocessing = 0;
		};
/* End PBXResourcesBuildPhase section */

/* Begin PBXSourcesBuildPhase section */
		C34BE9611EEEA35D008214F4 /* Sources */ = {
			isa = PBXSourcesBuildPhase;
			buildActionMask = 2147483647;
			files = (
				C34BE96B1EEEA35D008214F4 /* ViewController.swift in Sources */,
				C34BE9691EEEA35D008214F4 /* AppDelegate.swift in Sources */,
			);
			runOnlyForDeploymentPostprocessing = 0;
		};
/* End PBXSourcesBuildPhase section */

/* Begin PBXVariantGroup section */
		C34BE96C1EEEA35D008214F4 /* Main.storyboard */ = {
			isa = PBXVariantGroup;
			children = (
				C34BE96D1EEEA35D008214F4 /* Base */,
			);
			name = Main.storyboard;
			sourceTree = "<group>";
		};
		C34BE9711EEEA35D008214F4 /* LaunchScreen.storyboard */ = {
			isa = PBXVariantGroup;
			children = (
				C34BE9721EEEA35D008214F4 /* Base */,
			);
			name = LaunchScreen.storyboard;
			sourceTree = "<group>";
		};
/* End PBXVariantGroup section */

/* Begin XCBuildConfiguration section */
		C34BE9751EEEA35D008214F4 /* Debug */ = {
			isa = XCBuildConfiguration;
			buildSettings = {
				ALWAYS_SEARCH_USER_PATHS = NO;
				CLANG_ANALYZER_NONNULL = YES;
				CLANG_CXX_LANGUAGE_STANDARD = "gnu++0x";
				CLANG_CXX_LIBRARY = "libc++";
				CLANG_ENABLE_MODULES = YES;
				CLANG_ENABLE_OBJC_ARC = YES;
				CLANG_WARN_BOOL_CONVERSION = YES;
				CLANG_WARN_CONSTANT_CONVERSION = YES;
				CLANG_WARN_DIRECT_OBJC_ISA_USAGE = YES_ERROR;
				CLANG_WARN_DOCUMENTATION_COMMENTS = YES;
				CLANG_WARN_EMPTY_BODY = YES;
				CLANG_WARN_ENUM_CONVERSION = YES;
				CLANG_WARN_INFINITE_RECURSION = YES;
				CLANG_WARN_INT_CONVERSION = YES;
				CLANG_WARN_OBJC_ROOT_CLASS = YES_ERROR;
				CLANG_WARN_SUSPICIOUS_MOVE = YES;
				CLANG_WARN_UNREACHABLE_CODE = YES;
				CLANG_WARN__DUPLICATE_METHOD_MATCH = YES;
				"CODE_SIGN_IDENTITY[sdk=iphoneos*]" = "iPhone Developer";
				COPY_PHASE_STRIP = NO;
				DEBUG_INFORMATION_FORMAT = dwarf;
				ENABLE_STRICT_OBJC_MSGSEND = YES;
				ENABLE_TESTABILITY = YES;
				GCC_C_LANGUAGE_STANDARD = gnu99;
				GCC_DYNAMIC_NO_PIC = NO;
				GCC_NO_COMMON_BLOCKS = YES;
				GCC_OPTIMIZATION_LEVEL = 0;
				GCC_PREPROCESSOR_DEFINITIONS = (
					"DEBUG=1",
					"$(inherited)",
				);
				GCC_WARN_64_TO_32_BIT_CONVERSION = YES;
				GCC_WARN_ABOUT_RETURN_TYPE = YES_ERROR;
				GCC_WARN_UNDECLARED_SELECTOR = YES;
				GCC_WARN_UNINITIALIZED_AUTOS = YES_AGGRESSIVE;
				GCC_WARN_UNUSED_FUNCTION = YES;
				GCC_WARN_UNUSED_VARIABLE = YES;
				IPHONEOS_DEPLOYMENT_TARGET = 10.2;
				MTL_ENABLE_DEBUG_INFO = YES;
				ONLY_ACTIVE_ARCH = YES;
				SDKROOT = iphoneos;
				SWIFT_ACTIVE_COMPILATION_CONDITIONS = DEBUG;
				SWIFT_OPTIMIZATION_LEVEL = "-Onone";
				TARGETED_DEVICE_FAMILY = "1,2";
			};
			name = Debug;
		};
		C34BE9761EEEA35D008214F4 /* Release */ = {
			isa = XCBuildConfiguration;
			buildSettings = {
				ALWAYS_SEARCH_USER_PATHS = NO;
				CLANG_ANALYZER_NONNULL = YES;
				CLANG_CXX_LANGUAGE_STANDARD = "gnu++0x";
				CLANG_CXX_LIBRARY = "libc++";
				CLANG_ENABLE_MODULES = YES;
				CLANG_ENABLE_OBJC_ARC = YES;
				CLANG_WARN_BOOL_CONVERSION = YES;
				CLANG_WARN_CONSTANT_CONVERSION = YES;
				CLANG_WARN_DIRECT_OBJC_ISA_USAGE = YES_ERROR;
				CLANG_WARN_DOCUMENTATION_COMMENTS = YES;
				CLANG_WARN_EMPTY_BODY = YES;
				CLANG_WARN_ENUM_CONVERSION = YES;
				CLANG_WARN_INFINITE_RECURSION = YES;
				CLANG_WARN_INT_CONVERSION = YES;
				CLANG_WARN_OBJC_ROOT_CLASS = YES_ERROR;
				CLANG_WARN_SUSPICIOUS_MOVE = YES;
				CLANG_WARN_UNREACHABLE_CODE = YES;
				CLANG_WARN__DUPLICATE_METHOD_MATCH = YES;
				"CODE_SIGN_IDENTITY[sdk=iphoneos*]" = "iPhone Developer";
				COPY_PHASE_STRIP = NO;
				DEBUG_INFORMATION_FORMAT = "dwarf-with-dsym";
				ENABLE_NS_ASSERTIONS = NO;
				ENABLE_STRICT_OBJC_MSGSEND = YES;
				GCC_C_LANGUAGE_STANDARD = gnu99;
				GCC_NO_COMMON_BLOCKS = YES;
				GCC_WARN_64_TO_32_BIT_CONVERSION = YES;
				GCC_WARN_ABOUT_RETURN_TYPE = YES_ERROR;
				GCC_WARN_UNDECLARED_SELECTOR = YES;
				GCC_WARN_UNINITIALIZED_AUTOS = YES_AGGRESSIVE;
				GCC_WARN_UNUSED_FUNCTION = YES;
				GCC_WARN_UNUSED_VARIABLE = YES;
				IPHONEOS_DEPLOYMENT_TARGET = 10.2;
				MTL_ENABLE_DEBUG_INFO = NO;
				SDKROOT = iphoneos;
				SWIFT_OPTIMIZATION_LEVEL = "-Owholemodule";
				TARGETED_DEVICE_FAMILY = "1,2";
				VALIDATE_PRODUCT = YES;
			};
			name = Release;
		};
		C34BE9781EEEA35D008214F4 /* Debug */ = {
			isa = XCBuildConfiguration;
			buildSettings = {
				ASSETCATALOG_COMPILER_APPICON_NAME = AppIcon;
				INFOPLIST_FILE = Day00/Info.plist;
				LD_RUNPATH_SEARCH_PATHS = "$(inherited) @executable_path/Frameworks";
				PRODUCT_BUNDLE_IDENTIFIER = emtermea.Day00;
				PRODUCT_NAME = "$(TARGET_NAME)";
				SWIFT_VERSION = 3.0;
			};
			name = Debug;
		};
		C34BE9791EEEA35D008214F4 /* Release */ = {
			isa = XCBuildConfiguration;
			buildSettings = {
				ASSETCATALOG_COMPILER_APPICON_NAME = AppIcon;
				INFOPLIST_FILE = Day00/Info.plist;
				LD_RUNPATH_SEARCH_PATHS = "$(inherited) @executable_path/Frameworks";
				PRODUCT_BUNDLE_IDENTIFIER = emtermea.Day00;
				PRODUCT_NAME = "$(TARGET_NAME)";
				SWIFT_VERSION = 3.0;
			};
			name = Release;
		};
/* End XCBuildConfiguration section */

/* Begin XCConfigurationList section */
		C34BE9601EEEA35D008214F4 /* Build configuration list for PBXProject "Day00" */ = {
			isa = XCConfigurationList;
			buildConfigurations = (
				C34BE9751EEEA35D008214F4 /* Debug */,
				C34BE9761EEEA35D008214F4 /* Release */,
			);
			defaultConfigurationIsVisible = 0;
			defaultConfigurationName = Release;
		};
		C34BE9771EEEA35D008214F4 /* Build configuration list for PBXNativeTarget "Day00" */ = {
			isa = XCConfigurationList;
			buildConfigurations = (
				C34BE9781EEEA35D008214F4 /* Debug */,
				C34BE9791EEEA35D008214F4 /* Release */,
			);
			defaultConfigurationIsVisible = 0;
		};
/* End XCConfigurationList section */
	};
	rootObject = C34BE95D1EEEA35D008214F4 /* Project object */;
}
