// !$*UTF8*$!
{
	archiveVersion = 1;
	classes = {
	};
	objectVersion = 46;
	objects = {

/* Begin PBXBuildFile section */
		C369FD481EF946CB00906285 /* AppDelegate.swift in Sources */ = {isa = PBXBuildFile; fileRef = C369FD471EF946CB00906285 /* AppDelegate.swift */; };
		C369FD4A1EF946CB00906285 /* ViewController.swift in Sources */ = {isa = PBXBuildFile; fileRef = C369FD491EF946CB00906285 /* ViewController.swift */; };
		C369FD4D1EF946CB00906285 /* Main.storyboard in Resources */ = {isa = PBXBuildFile; fileRef = C369FD4B1EF946CB00906285 /* Main.storyboard */; };
		C369FD4F1EF946CB00906285 /* Assets.xcassets in Resources */ = {isa = PBXBuildFile; fileRef = C369FD4E1EF946CB00906285 /* Assets.xcassets */; };
		C369FD521EF946CB00906285 /* LaunchScreen.storyboard in Resources */ = {isa = PBXBuildFile; fileRef = C369FD501EF946CB00906285 /* LaunchScreen.storyboard */; };
		C369FD5A1EF94C3B00906285 /* object.swift in Sources */ = {isa = PBXBuildFile; fileRef = C369FD591EF94C3B00906285 /* object.swift */; };
/* End PBXBuildFile section */

/* Begin PBXFileReference section */
		C369FD441EF946CB00906285 /* Day06.app */ = {isa = PBXFileReference; explicitFileType = wrapper.application; includeInIndex = 0; path = Day06.app; sourceTree = BUILT_PRODUCTS_DIR; };
		C369FD471EF946CB00906285 /* AppDelegate.swift */ = {isa = PBXFileReference; lastKnownFileType = sourcecode.swift; path = AppDelegate.swift; sourceTree = "<group>"; };
		C369FD491EF946CB00906285 /* ViewController.swift */ = {isa = PBXFileReference; lastKnownFileType = sourcecode.swift; path = ViewController.swift; sourceTree = "<group>"; };
		C369FD4C1EF946CB00906285 /* Base */ = {isa = PBXFileReference; lastKnownFileType = file.storyboard; name = Base; path = Base.lproj/Main.storyboard; sourceTree = "<group>"; };
		C369FD4E1EF946CB00906285 /* Assets.xcassets */ = {isa = PBXFileReference; lastKnownFileType = folder.assetcatalog; path = Assets.xcassets; sourceTree = "<group>"; };
		C369FD511EF946CB00906285 /* Base */ = {isa = PBXFileReference; lastKnownFileType = file.storyboard; name = Base; path = Base.lproj/LaunchScreen.storyboard; sourceTree = "<group>"; };
		C369FD531EF946CB00906285 /* Info.plist */ = {isa = PBXFileReference; lastKnownFileType = text.plist.xml; path = Info.plist; sourceTree = "<group>"; };
		C369FD591EF94C3B00906285 /* object.swift */ = {isa = PBXFileReference; fileEncoding = 4; lastKnownFileType = sourcecode.swift; path = object.swift; sourceTree = "<group>"; };
/* End PBXFileReference section */

/* Begin PBXFrameworksBuildPhase section */
		C369FD411EF946CA00906285 /* Frameworks */ = {
			isa = PBXFrameworksBuildPhase;
			buildActionMask = 2147483647;
			files = (
			);
			runOnlyForDeploymentPostprocessing = 0;
		};
/* End PBXFrameworksBuildPhase section */

/* Begin PBXGroup section */
		C369FD3B1EF946CA00906285 = {
			isa = PBXGroup;
			children = (
				C369FD461EF946CB00906285 /* Day06 */,
				C369FD451EF946CB00906285 /* Products */,
			);
			sourceTree = "<group>";
		};
		C369FD451EF946CB00906285 /* Products */ = {
			isa = PBXGroup;
			children = (
				C369FD441EF946CB00906285 /* Day06.app */,
			);
			name = Products;
			sourceTree = "<group>";
		};
		C369FD461EF946CB00906285 /* Day06 */ = {
			isa = PBXGroup;
			children = (
				C369FD471EF946CB00906285 /* AppDelegate.swift */,
				C369FD491EF946CB00906285 /* ViewController.swift */,
				C369FD4B1EF946CB00906285 /* Main.storyboard */,
				C369FD4E1EF946CB00906285 /* Assets.xcassets */,
				C369FD501EF946CB00906285 /* LaunchScreen.storyboard */,
				C369FD591EF94C3B00906285 /* object.swift */,
				C369FD531EF946CB00906285 /* Info.plist */,
			);
			path = Day06;
			sourceTree = "<group>";
		};
/* End PBXGroup section */

/* Begin PBXNativeTarget section */
		C369FD431EF946CA00906285 /* Day06 */ = {
			isa = PBXNativeTarget;
			buildConfigurationList = C369FD561EF946CB00906285 /* Build configuration list for PBXNativeTarget "Day06" */;
			buildPhases = (
				C369FD401EF946CA00906285 /* Sources */,
				C369FD411EF946CA00906285 /* Frameworks */,
				C369FD421EF946CA00906285 /* Resources */,
			);
			buildRules = (
			);
			dependencies = (
			);
			name = Day06;
			productName = Day06;
			productReference = C369FD441EF946CB00906285 /* Day06.app */;
			productType = "com.apple.product-type.application";
		};
/* End PBXNativeTarget section */

/* Begin PBXProject section */
		C369FD3C1EF946CA00906285 /* Project object */ = {
			isa = PBXProject;
			attributes = {
				LastSwiftUpdateCheck = 0820;
				LastUpgradeCheck = 0820;
				ORGANIZATIONNAME = "Emmanuelle TERMEAU";
				TargetAttributes = {
					C369FD431EF946CA00906285 = {
						CreatedOnToolsVersion = 8.2.1;
						ProvisioningStyle = Automatic;
					};
				};
			};
			buildConfigurationList = C369FD3F1EF946CA00906285 /* Build configuration list for PBXProject "Day06" */;
			compatibilityVersion = "Xcode 3.2";
			developmentRegion = English;
			hasScannedForEncodings = 0;
			knownRegions = (
				en,
				Base,
			);
			mainGroup = C369FD3B1EF946CA00906285;
			productRefGroup = C369FD451EF946CB00906285 /* Products */;
			projectDirPath = "";
			projectRoot = "";
			targets = (
				C369FD431EF946CA00906285 /* Day06 */,
			);
		};
/* End PBXProject section */

/* Begin PBXResourcesBuildPhase section */
		C369FD421EF946CA00906285 /* Resources */ = {
			isa = PBXResourcesBuildPhase;
			buildActionMask = 2147483647;
			files = (
				C369FD521EF946CB00906285 /* LaunchScreen.storyboard in Resources */,
				C369FD4F1EF946CB00906285 /* Assets.xcassets in Resources */,
				C369FD4D1EF946CB00906285 /* Main.storyboard in Resources */,
			);
			runOnlyForDeploymentPostprocessing = 0;
		};
/* End PBXResourcesBuildPhase section */

/* Begin PBXSourcesBuildPhase section */
		C369FD401EF946CA00906285 /* Sources */ = {
			isa = PBXSourcesBuildPhase;
			buildActionMask = 2147483647;
			files = (
				C369FD4A1EF946CB00906285 /* ViewController.swift in Sources */,
				C369FD481EF946CB00906285 /* AppDelegate.swift in Sources */,
				C369FD5A1EF94C3B00906285 /* object.swift in Sources */,
			);
			runOnlyForDeploymentPostprocessing = 0;
		};
/* End PBXSourcesBuildPhase section */

/* Begin PBXVariantGroup section */
		C369FD4B1EF946CB00906285 /* Main.storyboard */ = {
			isa = PBXVariantGroup;
			children = (
				C369FD4C1EF946CB00906285 /* Base */,
			);
			name = Main.storyboard;
			sourceTree = "<group>";
		};
		C369FD501EF946CB00906285 /* LaunchScreen.storyboard */ = {
			isa = PBXVariantGroup;
			children = (
				C369FD511EF946CB00906285 /* Base */,
			);
			name = LaunchScreen.storyboard;
			sourceTree = "<group>";
		};
/* End PBXVariantGroup section */

/* Begin XCBuildConfiguration section */
		C369FD541EF946CB00906285 /* Debug */ = {
			isa = XCBuildConfiguration;
			buildSettings = {
				ALWAYS_SEARCH_USER_PATHS = NO;
				CLANG_ANALYZER_NONNULL = YES;
				CLANG_CXX_LANGUAGE_STANDARD = "gnu++0x";
				CLANG_CXX_LIBRARY = "libc++";
				CLANG_ENABLE_MODULES = YES;
				CLANG_ENABLE_OBJC_ARC = YES;
				CLANG_WARN_BOOL_CONVERSION = YES;
				CLANG_WARN_CONSTANT_CONVERSION = YES;
				CLANG_WARN_DIRECT_OBJC_ISA_USAGE = YES_ERROR;
				CLANG_WARN_DOCUMENTATION_COMMENTS = YES;
				CLANG_WARN_EMPTY_BODY = YES;
				CLANG_WARN_ENUM_CONVERSION = YES;
				CLANG_WARN_INFINITE_RECURSION = YES;
				CLANG_WARN_INT_CONVERSION = YES;
				CLANG_WARN_OBJC_ROOT_CLASS = YES_ERROR;
				CLANG_WARN_SUSPICIOUS_MOVE = YES;
				CLANG_WARN_UNREACHABLE_CODE = YES;
				CLANG_WARN__DUPLICATE_METHOD_MATCH = YES;
				"CODE_SIGN_IDENTITY[sdk=iphoneos*]" = "iPhone Developer";
				COPY_PHASE_STRIP = NO;
				DEBUG_INFORMATION_FORMAT = dwarf;
				ENABLE_STRICT_OBJC_MSGSEND = YES;
				ENABLE_TESTABILITY = YES;
				GCC_C_LANGUAGE_STANDARD = gnu99;
				GCC_DYNAMIC_NO_PIC = NO;
				GCC_NO_COMMON_BLOCKS = YES;
				GCC_OPTIMIZATION_LEVEL = 0;
				GCC_PREPROCESSOR_DEFINITIONS = (
					"DEBUG=1",
					"$(inherited)",
				);
				GCC_WARN_64_TO_32_BIT_CONVERSION = YES;
				GCC_WARN_ABOUT_RETURN_TYPE = YES_ERROR;
				GCC_WARN_UNDECLARED_SELECTOR = YES;
				GCC_WARN_UNINITIALIZED_AUTOS = YES_AGGRESSIVE;
				GCC_WARN_UNUSED_FUNCTION = YES;
				GCC_WARN_UNUSED_VARIABLE = YES;
				IPHONEOS_DEPLOYMENT_TARGET = 10.2;
				MTL_ENABLE_DEBUG_INFO = YES;
				ONLY_ACTIVE_ARCH = YES;
				SDKROOT = iphoneos;
				SWIFT_ACTIVE_COMPILATION_CONDITIONS = DEBUG;
				SWIFT_OPTIMIZATION_LEVEL = "-Onone";
				TARGETED_DEVICE_FAMILY = "1,2";
			};
			name = Debug;
		};
		C369FD551EF946CB00906285 /* Release */ = {
			isa = XCBuildConfiguration;
			buildSettings = {
				ALWAYS_SEARCH_USER_PATHS = NO;
				CLANG_ANALYZER_NONNULL = YES;
				CLANG_CXX_LANGUAGE_STANDARD = "gnu++0x";
				CLANG_CXX_LIBRARY = "libc++";
				CLANG_ENABLE_MODULES = YES;
				CLANG_ENABLE_OBJC_ARC = YES;
				CLANG_WARN_BOOL_CONVERSION = YES;
				CLANG_WARN_CONSTANT_CONVERSION = YES;
				CLANG_WARN_DIRECT_OBJC_ISA_USAGE = YES_ERROR;
				CLANG_WARN_DOCUMENTATION_COMMENTS = YES;
				CLANG_WARN_EMPTY_BODY = YES;
				CLANG_WARN_ENUM_CONVERSION = YES;
				CLANG_WARN_INFINITE_RECURSION = YES;
				CLANG_WARN_INT_CONVERSION = YES;
				CLANG_WARN_OBJC_ROOT_CLASS = YES_ERROR;
				CLANG_WARN_SUSPICIOUS_MOVE = YES;
				CLANG_WARN_UNREACHABLE_CODE = YES;
				CLANG_WARN__DUPLICATE_METHOD_MATCH = YES;
				"CODE_SIGN_IDENTITY[sdk=iphoneos*]" = "iPhone Developer";
				COPY_PHASE_STRIP = NO;
				DEBUG_INFORMATION_FORMAT = "dwarf-with-dsym";
				ENABLE_NS_ASSERTIONS = NO;
				ENABLE_STRICT_OBJC_MSGSEND = YES;
				GCC_C_LANGUAGE_STANDARD = gnu99;
				GCC_NO_COMMON_BLOCKS = YES;
				GCC_WARN_64_TO_32_BIT_CONVERSION = YES;
				GCC_WARN_ABOUT_RETURN_TYPE = YES_ERROR;
				GCC_WARN_UNDECLARED_SELECTOR = YES;
				GCC_WARN_UNINITIALIZED_AUTOS = YES_AGGRESSIVE;
				GCC_WARN_UNUSED_FUNCTION = YES;
				GCC_WARN_UNUSED_VARIABLE = YES;
				IPHONEOS_DEPLOYMENT_TARGET = 10.2;
				MTL_ENABLE_DEBUG_INFO = NO;
				SDKROOT = iphoneos;
				SWIFT_OPTIMIZATION_LEVEL = "-Owholemodule";
				TARGETED_DEVICE_FAMILY = "1,2";
				VALIDATE_PRODUCT = YES;
			};
			name = Release;
		};
		C369FD571EF946CB00906285 /* Debug */ = {
			isa = XCBuildConfiguration;
			buildSettings = {
				ASSETCATALOG_COMPILER_APPICON_NAME = AppIcon;
				INFOPLIST_FILE = Day06/Info.plist;
				LD_RUNPATH_SEARCH_PATHS = "$(inherited) @executable_path/Frameworks";
				PRODUCT_BUNDLE_IDENTIFIER = emtermea.Day06;
				PRODUCT_NAME = "$(TARGET_NAME)";
				SWIFT_VERSION = 3.0;
			};
			name = Debug;
		};
		C369FD581EF946CB00906285 /* Release */ = {
			isa = XCBuildConfiguration;
			buildSettings = {
				ASSETCATALOG_COMPILER_APPICON_NAME = AppIcon;
				INFOPLIST_FILE = Day06/Info.plist;
				LD_RUNPATH_SEARCH_PATHS = "$(inherited) @executable_path/Frameworks";
				PRODUCT_BUNDLE_IDENTIFIER = emtermea.Day06;
				PRODUCT_NAME = "$(TARGET_NAME)";
				SWIFT_VERSION = 3.0;
			};
			name = Release;
		};
/* End XCBuildConfiguration section */

/* Begin XCConfigurationList section */
		C369FD3F1EF946CA00906285 /* Build configuration list for PBXProject "Day06" */ = {
			isa = XCConfigurationList;
			buildConfigurations = (
				C369FD541EF946CB00906285 /* Debug */,
				C369FD551EF946CB00906285 /* Release */,
			);
			defaultConfigurationIsVisible = 0;
			defaultConfigurationName = Release;
		};
		C369FD561EF946CB00906285 /* Build configuration list for PBXNativeTarget "Day06" */ = {
			isa = XCConfigurationList;
			buildConfigurations = (
				C369FD571EF946CB00906285 /* Debug */,
				C369FD581EF946CB00906285 /* Release */,
			);
			defaultConfigurationIsVisible = 0;
		};
/* End XCConfigurationList section */
	};
	rootObject = C369FD3C1EF946CA00906285 /* Project object */;
}
