PODS:
  - AWSCore (2.5.8)
  - AWSPolly (2.5.8):
    - AWSCore (= 2.5.8)
  - Mapbox-iOS-SDK (3.5.4)
  - MapboxCoreNavigation (0.4.0):
    - MapboxDirections.swift (~> 0.9.0)
    - OSRMTextInstructions (~> 0.1.1)
  - MapboxDirections.swift (0.9.1):
    - Polyline (~> 4.1)
  - MapboxGeocoder.swift (0.6.2)
  - MapboxNavigation (0.4.0):
    - AWSPolly (~> 2.5)
    - Mapbox-iOS-SDK (~> 3.5)
    - MapboxCoreNavigation (= 0.4.0)
    - MapboxDirections.swift (~> 0.9.0)
    - OSRMTextInstructions (~> 0.1.2)
    - Pulley (~> 1.3)
    - SDWebImage (~> 4.0)
  - MapboxStatic.swift (0.9.0)
  - OSRMTextInstructions (0.1.2):
    - MapboxDirections.swift (~> 0.9)
  - Polyline (4.1.1)
  - Pulley (1.4)
  - SDWebImage (4.0.0):
    - SDWebImage/Core (= 4.0.0)
  - SDWebImage/Core (4.0.0)

DEPENDENCIES:
  - Mapbox-iOS-SDK (~> 3.5)
  - MapboxDirections.swift (~> 0.9)
  - MapboxGeocoder.swift (~> 0.6)
  - MapboxNavigation (~> 0.4.0)
  - MapboxStatic.swift (~> 0.9)

SPEC CHECKSUMS:
  AWSCore: cf101c44d2cc5da32abc27d5529cddc63c010415
  AWSPolly: ca97cf9a0b900a5bb4ca6b9bd297daf851540d48
  Mapbox-iOS-SDK: 81197829dcf4c4ed9a593b7a95462881b5f1309a
  MapboxCoreNavigation: bbf134650906b0d4fe2c92e60d012d11365e5a2e
  MapboxDirections.swift: e2da56f86c345f0b4857448f14ca3ed9d8fcbb29
  MapboxGeocoder.swift: ec63783e8752b9d2435aeee33fe4640da8f9c2c6
  MapboxNavigation: e4d693ad2f546f7d9aa9dd4350ece411f937a1d9
  MapboxStatic.swift: ac484030e8ada41942863c320c03534502c2aa33
  OSRMTextInstructions: d96a56bb920d4ed1fef7575191118e4ea7042eff
  Polyline: 381d1e699fd12508f97cfc468478dfbab67edf1f
  Pulley: 3d47a5ca819b8f35a63e9a4811d35035d484d1d9
  SDWebImage: 76a6348bdc74eb5a55dd08a091ef298e56b55e41

PODFILE CHECKSUM: 78e354412cb2c5e76050df330167169dcb9ff46a

COCOAPODS: 1.2.1
